
Microsoft Visual Studio Solution File, Format Version 12.00
# Visual Studio Version 17
VisualStudioVersion = 17.5.33627.172
MinimumVisualStudioVersion = 10.0.40219.1
Project("{9A19103F-16F7-4668-BE54-9A1E7A4F7556}") = "SocketServer", "SocketServer\SocketServer.csproj", "{9A9C2920-C5F9-4286-B736-3CE985C0C752}"
EndProject
Project("{9A19103F-16F7-4668-BE54-9A1E7A4F7556}") = "SocketClient", "SocketClient\SocketClient.csproj", "{E0A5ED24-E1B4-4C3F-A539-4D85E6804785}"
EndProject
Project("{FAE04EC0-301F-11D3-BF4B-00C04F79EFBC}") = "UdpServer", "UdpServer\UdpServer.csproj", "{B5909599-4581-4EDA-A11C-2198F5C7FB4B}"
EndProject
Global
	GlobalSection(SolutionConfigurationPlatforms) = preSolution
		Debug|Any CPU = Debug|Any CPU
		Release|Any CPU = Release|Any CPU
	EndGlobalSection
	GlobalSection(ProjectConfigurationPlatforms) = postSolution
		{9A9C2920-C5F9-4286-B736-3CE985C0C752}.Debug|Any CPU.ActiveCfg = Debug|Any CPU
		{9A9C2920-C5F9-4286-B736-3CE985C0C752}.Debug|Any CPU.Build.0 = Debug|Any CPU
		{9A9C2920-C5F9-4286-B736-3CE985C0C752}.Release|Any CPU.ActiveCfg = Release|Any CPU
		{9A9C2920-C5F9-4286-B736-3CE985C0C752}.Release|Any CPU.Build.0 = Release|Any CPU
		{E0A5ED24-E1B4-4C3F-A539-4D85E6804785}.Debug|Any CPU.ActiveCfg = Debug|Any CPU
		{E0A5ED24-E1B4-4C3F-A539-4D85E6804785}.Debug|Any CPU.Build.0 = Debug|Any CPU
		{E0A5ED24-E1B4-4C3F-A539-4D85E6804785}.Release|Any CPU.ActiveCfg = Release|Any CPU
		{E0A5ED24-E1B4-4C3F-A539-4D85E6804785}.Release|Any CPU.Build.0 = Release|Any CPU
		{B5909599-4581-4EDA-A11C-2198F5C7FB4B}.Debug|Any CPU.ActiveCfg = Debug|Any CPU
		{B5909599-4581-4EDA-A11C-2198F5C7FB4B}.Debug|Any CPU.Build.0 = Debug|Any CPU
		{B5909599-4581-4EDA-A11C-2198F5C7FB4B}.Release|Any CPU.ActiveCfg = Release|Any CPU
		{B5909599-4581-4EDA-A11C-2198F5C7FB4B}.Release|Any CPU.Build.0 = Release|Any CPU
	EndGlobalSection
	GlobalSection(SolutionProperties) = preSolution
		HideSolutionNode = FALSE
	EndGlobalSection
	GlobalSection(ExtensibilityGlobals) = postSolution
		SolutionGuid = {911B1136-1A6E-4D46-B6FB-2C4CCF4A8499}
	EndGlobalSection
EndGlobal
